
Microsoft Visual Studio Solution File, Format Version 12.00
# Visual Studio Version 17
VisualStudioVersion = 17.11.35208.52
MinimumVisualStudioVersion = 10.0.40219.1
Project("{8BC9CEB8-8B4A-11D0-8D11-00A0C91BC942}") = "Project1", "Project1.vcxproj", "{3E2F625A-BAFB-48A1-8513-38B1FF3997E4}"
EndProject
Global
	GlobalSection(SolutionConfigurationPlatforms) = preSolution
		Debug|x64 = Debug|x64
		Debug|x86 = Debug|x86
		Release|x64 = Release|x64
		Release|x86 = Release|x86
	EndGlobalSection
	GlobalSection(ProjectConfigurationPlatforms) = postSolution
		{3E2F625A-BAFB-48A1-8513-38B1FF3997E4}.Debug|x64.ActiveCfg = Debug|x64
		{3E2F625A-BAFB-48A1-8513-38B1FF3997E4}.Debug|x64.Build.0 = Debug|x64
		{3E2F625A-BAFB-48A1-8513-38B1FF3997E4}.Debug|x86.ActiveCfg = Debug|Win32
		{3E2F625A-BAFB-48A1-8513-38B1FF3997E4}.Debug|x86.Build.0 = Debug|Win32
		{3E2F625A-BAFB-48A1-8513-38B1FF3997E4}.Release|x64.ActiveCfg = Release|x64
		{3E2F625A-BAFB-48A1-8513-38B1FF3997E4}.Release|x64.Build.0 = Release|x64
		{3E2F625A-BAFB-48A1-8513-38B1FF3997E4}.Release|x86.ActiveCfg = Release|Win32
		{3E2F625A-BAFB-48A1-8513-38B1FF3997E4}.Release|x86.Build.0 = Release|Win32
	EndGlobalSection
	GlobalSection(SolutionProperties) = preSolution
		HideSolutionNode = FALSE
	EndGlobalSection
	GlobalSection(ExtensibilityGlobals) = postSolution
		SolutionGuid = {D3C4AAF1-0BD6-470E-908C-B1658F74B2AC}
	EndGlobalSection
EndGlobal
