
Microsoft Visual Studio Solution File, Format Version 12.00
# Visual Studio Version 17
VisualStudioVersion = 17.5.33502.453
MinimumVisualStudioVersion = 10.0.40219.1
Project("{8BC9CEB8-8B4A-11D0-8D11-00A0C91BC942}") = "VIP - Pointers Lab", "VIP - Pointers Lab.vcxproj", "{CA089260-F3FA-4811-93EA-0A30AC0D8DDC}"
EndProject
Global
	GlobalSection(SolutionConfigurationPlatforms) = preSolution
		Debug|x64 = Debug|x64
		Debug|x86 = Debug|x86
		Release|x64 = Release|x64
		Release|x86 = Release|x86
	EndGlobalSection
	GlobalSection(ProjectConfigurationPlatforms) = postSolution
		{CA089260-F3FA-4811-93EA-0A30AC0D8DDC}.Debug|x64.ActiveCfg = Debug|x64
		{CA089260-F3FA-4811-93EA-0A30AC0D8DDC}.Debug|x64.Build.0 = Debug|x64
		{CA089260-F3FA-4811-93EA-0A30AC0D8DDC}.Debug|x86.ActiveCfg = Debug|Win32
		{CA089260-F3FA-4811-93EA-0A30AC0D8DDC}.Debug|x86.Build.0 = Debug|Win32
		{CA089260-F3FA-4811-93EA-0A30AC0D8DDC}.Release|x64.ActiveCfg = Release|x64
		{CA089260-F3FA-4811-93EA-0A30AC0D8DDC}.Release|x64.Build.0 = Release|x64
		{CA089260-F3FA-4811-93EA-0A30AC0D8DDC}.Release|x86.ActiveCfg = Release|Win32
		{CA089260-F3FA-4811-93EA-0A30AC0D8DDC}.Release|x86.Build.0 = Release|Win32
	EndGlobalSection
	GlobalSection(SolutionProperties) = preSolution
		HideSolutionNode = FALSE
	EndGlobalSection
	GlobalSection(ExtensibilityGlobals) = postSolution
		SolutionGuid = {E0F0C2B0-C593-46C5-9BE4-7AB2CC4DD0A7}
	EndGlobalSection
EndGlobal
